
Microsoft Visual Studio Solution File, Format Version 12.00
# Visual Studio Version 17
VisualStudioVersion = 17.6.33829.357
MinimumVisualStudioVersion = 10.0.40219.1
Project("{FAE04EC0-301F-11D3-BF4B-00C04F79EFBC}") = "New Start", "New Start\New Start.csproj", "{72721312-AC26-46E2-86A1-4FB5A10AAA65}"
EndProject
Project("{FAE04EC0-301F-11D3-BF4B-00C04F79EFBC}") = "Donguler", "Donguler\Donguler.csproj", "{E5038414-A38D-4AE5-9FCD-652AF2B945E3}"
EndProject
Project("{FAE04EC0-301F-11D3-BF4B-00C04F79EFBC}") = "Metotlar", "Metotlar\Metotlar.csproj", "{38595D0D-6CD2-4066-9458-6CF4F60EEEF5}"
EndProject
Project("{FAE04EC0-301F-11D3-BF4B-00C04F79EFBC}") = "Matematik", "Matematik\Matematik.csproj", "{3EFF6E5A-C77C-4A99-9F04-D7811E3D7C98}"
EndProject
Project("{FAE04EC0-301F-11D3-BF4B-00C04F79EFBC}") = "DegerVeReferansTipler", "DegerVeReferansTipler\DegerVeReferansTipler.csproj", "{6A320709-80D8-4EE1-8330-353B7C714404}"
EndProject
Project("{FAE04EC0-301F-11D3-BF4B-00C04F79EFBC}") = "OOP1", "OOP1\OOP1.csproj", "{8590E09B-6D10-483A-A93A-FE492FB0CC85}"
EndProject
Project("{FAE04EC0-301F-11D3-BF4B-00C04F79EFBC}") = "Koleksiyonlar", "Koleksiyonlar\Koleksiyonlar.csproj", "{355052A1-F270-40B4-A943-BE6980506DA8}"
EndProject
Project("{FAE04EC0-301F-11D3-BF4B-00C04F79EFBC}") = "GenericsIntro", "GenericsIntro\GenericsIntro.csproj", "{2806F931-0C33-455F-966C-74C8D7EF322F}"
EndProject
Project("{FAE04EC0-301F-11D3-BF4B-00C04F79EFBC}") = "Kredi", "Kredi\Kredi.csproj", "{787B1672-64C7-4D76-B774-197EFBACFDB6}"
EndProject
Global
	GlobalSection(SolutionConfigurationPlatforms) = preSolution
		Debug|Any CPU = Debug|Any CPU
		Release|Any CPU = Release|Any CPU
	EndGlobalSection
	GlobalSection(ProjectConfigurationPlatforms) = postSolution
		{72721312-AC26-46E2-86A1-4FB5A10AAA65}.Debug|Any CPU.ActiveCfg = Debug|Any CPU
		{72721312-AC26-46E2-86A1-4FB5A10AAA65}.Debug|Any CPU.Build.0 = Debug|Any CPU
		{72721312-AC26-46E2-86A1-4FB5A10AAA65}.Release|Any CPU.ActiveCfg = Release|Any CPU
		{72721312-AC26-46E2-86A1-4FB5A10AAA65}.Release|Any CPU.Build.0 = Release|Any CPU
		{E5038414-A38D-4AE5-9FCD-652AF2B945E3}.Debug|Any CPU.ActiveCfg = Debug|Any CPU
		{E5038414-A38D-4AE5-9FCD-652AF2B945E3}.Debug|Any CPU.Build.0 = Debug|Any CPU
		{E5038414-A38D-4AE5-9FCD-652AF2B945E3}.Release|Any CPU.ActiveCfg = Release|Any CPU
		{E5038414-A38D-4AE5-9FCD-652AF2B945E3}.Release|Any CPU.Build.0 = Release|Any CPU
		{38595D0D-6CD2-4066-9458-6CF4F60EEEF5}.Debug|Any CPU.ActiveCfg = Debug|Any CPU
		{38595D0D-6CD2-4066-9458-6CF4F60EEEF5}.Debug|Any CPU.Build.0 = Debug|Any CPU
		{38595D0D-6CD2-4066-9458-6CF4F60EEEF5}.Release|Any CPU.ActiveCfg = Release|Any CPU
		{38595D0D-6CD2-4066-9458-6CF4F60EEEF5}.Release|Any CPU.Build.0 = Release|Any CPU
		{3EFF6E5A-C77C-4A99-9F04-D7811E3D7C98}.Debug|Any CPU.ActiveCfg = Debug|Any CPU
		{3EFF6E5A-C77C-4A99-9F04-D7811E3D7C98}.Debug|Any CPU.Build.0 = Debug|Any CPU
		{3EFF6E5A-C77C-4A99-9F04-D7811E3D7C98}.Release|Any CPU.ActiveCfg = Release|Any CPU
		{3EFF6E5A-C77C-4A99-9F04-D7811E3D7C98}.Release|Any CPU.Build.0 = Release|Any CPU
		{6A320709-80D8-4EE1-8330-353B7C714404}.Debug|Any CPU.ActiveCfg = Debug|Any CPU
		{6A320709-80D8-4EE1-8330-353B7C714404}.Debug|Any CPU.Build.0 = Debug|Any CPU
		{6A320709-80D8-4EE1-8330-353B7C714404}.Release|Any CPU.ActiveCfg = Release|Any CPU
		{6A320709-80D8-4EE1-8330-353B7C714404}.Release|Any CPU.Build.0 = Release|Any CPU
		{8590E09B-6D10-483A-A93A-FE492FB0CC85}.Debug|Any CPU.ActiveCfg = Debug|Any CPU
		{8590E09B-6D10-483A-A93A-FE492FB0CC85}.Debug|Any CPU.Build.0 = Debug|Any CPU
		{8590E09B-6D10-483A-A93A-FE492FB0CC85}.Release|Any CPU.ActiveCfg = Release|Any CPU
		{8590E09B-6D10-483A-A93A-FE492FB0CC85}.Release|Any CPU.Build.0 = Release|Any CPU
		{355052A1-F270-40B4-A943-BE6980506DA8}.Debug|Any CPU.ActiveCfg = Debug|Any CPU
		{355052A1-F270-40B4-A943-BE6980506DA8}.Debug|Any CPU.Build.0 = Debug|Any CPU
		{355052A1-F270-40B4-A943-BE6980506DA8}.Release|Any CPU.ActiveCfg = Release|Any CPU
		{355052A1-F270-40B4-A943-BE6980506DA8}.Release|Any CPU.Build.0 = Release|Any CPU
		{2806F931-0C33-455F-966C-74C8D7EF322F}.Debug|Any CPU.ActiveCfg = Debug|Any CPU
		{2806F931-0C33-455F-966C-74C8D7EF322F}.Debug|Any CPU.Build.0 = Debug|Any CPU
		{2806F931-0C33-455F-966C-74C8D7EF322F}.Release|Any CPU.ActiveCfg = Release|Any CPU
		{2806F931-0C33-455F-966C-74C8D7EF322F}.Release|Any CPU.Build.0 = Release|Any CPU
		{787B1672-64C7-4D76-B774-197EFBACFDB6}.Debug|Any CPU.ActiveCfg = Debug|Any CPU
		{787B1672-64C7-4D76-B774-197EFBACFDB6}.Debug|Any CPU.Build.0 = Debug|Any CPU
		{787B1672-64C7-4D76-B774-197EFBACFDB6}.Release|Any CPU.ActiveCfg = Release|Any CPU
		{787B1672-64C7-4D76-B774-197EFBACFDB6}.Release|Any CPU.Build.0 = Release|Any CPU
	EndGlobalSection
	GlobalSection(SolutionProperties) = preSolution
		HideSolutionNode = FALSE
	EndGlobalSection
	GlobalSection(ExtensibilityGlobals) = postSolution
		SolutionGuid = {5436DFD5-2DE3-4A82-931E-C820891B3562}
	EndGlobalSection
EndGlobal
